// !$*UTF8*$!
{
	archiveVersion = 1;
	classes = {
	};
	objectVersion = 46;
	objects = {

/* Begin PBXBuildFile section */
		880870FE16FD622200D09848 /* AKKeychainItem.m in Sources */ = {isa = PBXBuildFile; fileRef = 880870FD16FD622200D09848 /* AKKeychainItem.m */; };
		8808710116FD63DF00D09848 /* AKPasswordKeychainItem.m in Sources */ = {isa = PBXBuildFile; fileRef = 8808710016FD63DF00D09848 /* AKPasswordKeychainItem.m */; };
		8808710416FD6BD700D09848 /* AKGenericPasswordKeychainItem.m in Sources */ = {isa = PBXBuildFile; fileRef = 8808710316FD6BD700D09848 /* AKGenericPasswordKeychainItem.m */; };
		8808710716FD6C5100D09848 /* AKInternetPasswordKeychainItem.m in Sources */ = {isa = PBXBuildFile; fileRef = 8808710616FD6C5100D09848 /* AKInternetPasswordKeychainItem.m */; };
		8808710916FE272200D09848 /* CoreData.framework in Frameworks */ = {isa = PBXBuildFile; fileRef = 8808710816FE272200D09848 /* CoreData.framework */; };
		8808710C16FE279200D09848 /* AKAppDelegate.m in Sources */ = {isa = PBXBuildFile; fileRef = 8808710A16FE279000D09848 /* AKAppDelegate.m */; };
		8808711116FE285700D09848 /* ApplicationModel.xcdatamodeld in Sources */ = {isa = PBXBuildFile; fileRef = 8808710F16FE285700D09848 /* ApplicationModel.xcdatamodeld */; };
		8808711416FE288800D09848 /* AKAccountsModel.xcdatamodeld in Sources */ = {isa = PBXBuildFile; fileRef = 8808711216FE288800D09848 /* AKAccountsModel.xcdatamodeld */; };
		8808711716FE293A00D09848 /* AKApplicationCoreDataStack.m in Sources */ = {isa = PBXBuildFile; fileRef = 8808711616FE293A00D09848 /* AKApplicationCoreDataStack.m */; };
		8808711A16FE2C8000D09848 /* AKAccountsCoreDataStack.m in Sources */ = {isa = PBXBuildFile; fileRef = 8808711916FE2C8000D09848 /* AKAccountsCoreDataStack.m */; };
		8808711D16FE2E0B00D09848 /* AKUserDataAccess.m in Sources */ = {isa = PBXBuildFile; fileRef = 8808711C16FE2E0B00D09848 /* AKUserDataAccess.m */; };
		8808712316FE2EE200D09848 /* User.m in Sources */ = {isa = PBXBuildFile; fileRef = 8808712216FE2EE100D09848 /* User.m */; };
		8808712616FE2EF300D09848 /* Account.m in Sources */ = {isa = PBXBuildFile; fileRef = 8808712516FE2EF300D09848 /* Account.m */; };
		8808712916FE325300D09848 /* AKAccountsViewController.m in Sources */ = {isa = PBXBuildFile; fileRef = 8808712816FE325300D09848 /* AKAccountsViewController.m */; };
		881EAF7516F686840041AD55 /* AKService.m in Sources */ = {isa = PBXBuildFile; fileRef = 881EAF7416F686840041AD55 /* AKService.m */; };
		881EAF7616F686840041AD55 /* AKService.m in Sources */ = {isa = PBXBuildFile; fileRef = 881EAF7416F686840041AD55 /* AKService.m */; };
		881EAF7916F6869D0041AD55 /* AKProtocol.m in Sources */ = {isa = PBXBuildFile; fileRef = 881EAF7816F6869D0041AD55 /* AKProtocol.m */; };
		881EAF7A16F6869D0041AD55 /* AKProtocol.m in Sources */ = {isa = PBXBuildFile; fileRef = 881EAF7816F6869D0041AD55 /* AKProtocol.m */; };
		881EAF7D16F686B20041AD55 /* AKEngine.m in Sources */ = {isa = PBXBuildFile; fileRef = 881EAF7C16F686B20041AD55 /* AKEngine.m */; };
		881EAF7E16F686B20041AD55 /* AKEngine.m in Sources */ = {isa = PBXBuildFile; fileRef = 881EAF7C16F686B20041AD55 /* AKEngine.m */; };
		881EAF8116F687CD0041AD55 /* AKData.m in Sources */ = {isa = PBXBuildFile; fileRef = 881EAF8016F687CD0041AD55 /* AKData.m */; };
		881EAF8216F687CD0041AD55 /* AKData.m in Sources */ = {isa = PBXBuildFile; fileRef = 881EAF8016F687CD0041AD55 /* AKData.m */; };
		881EAF8516F688170041AD55 /* AKSession.m in Sources */ = {isa = PBXBuildFile; fileRef = 881EAF8416F688160041AD55 /* AKSession.m */; };
		881EAF8616F688170041AD55 /* AKSession.m in Sources */ = {isa = PBXBuildFile; fileRef = 881EAF8416F688160041AD55 /* AKSession.m */; };
		8850DFAE16F02110003B70EC /* AKLoginViewController.m in Sources */ = {isa = PBXBuildFile; fileRef = 8850DFAB16F02110003B70EC /* AKLoginViewController.m */; };
		8850DFAF16F02110003B70EC /* main.m in Sources */ = {isa = PBXBuildFile; fileRef = 8850DFAC16F02110003B70EC /* main.m */; };
		8850DFB216F02141003B70EC /* AKAuthenticatedViewController.m in Sources */ = {isa = PBXBuildFile; fileRef = 8850DFB116F02141003B70EC /* AKAuthenticatedViewController.m */; };
		8850DFB516F02311003B70EC /* AKApplicationViewController.m in Sources */ = {isa = PBXBuildFile; fileRef = 8850DFB416F02311003B70EC /* AKApplicationViewController.m */; };
		8850DFBB16F036F1003B70EC /* AKFacebookAuth.m in Sources */ = {isa = PBXBuildFile; fileRef = 8850DFBA16F036F1003B70EC /* AKFacebookAuth.m */; };
		8850DFC016F04253003B70EC /* AKLinkedInAuth.m in Sources */ = {isa = PBXBuildFile; fileRef = 8850DFBF16F04253003B70EC /* AKLinkedInAuth.m */; };
		8850DFC316F051FC003B70EC /* AKOAuth2AuthorizationCodeWebViewController.m in Sources */ = {isa = PBXBuildFile; fileRef = 8850DFC216F051FC003B70EC /* AKOAuth2AuthorizationCodeWebViewController.m */; };
		8850DFD816F175BA003B70EC /* AKOAuth2AuthorizationCodeAuthorizationRequest.m in Sources */ = {isa = PBXBuildFile; fileRef = 8850DFD716F175BA003B70EC /* AKOAuth2AuthorizationCodeAuthorizationRequest.m */; };
		8850DFDC16F188DD003B70EC /* AKGoogleAuth.m in Sources */ = {isa = PBXBuildFile; fileRef = 8850DFDB16F188DD003B70EC /* AKGoogleAuth.m */; };
		888F8F2316F01755003FE32C /* UIKit.framework in Frameworks */ = {isa = PBXBuildFile; fileRef = 888F8F2216F01755003FE32C /* UIKit.framework */; };
		888F8F2516F01755003FE32C /* Foundation.framework in Frameworks */ = {isa = PBXBuildFile; fileRef = 888F8F2416F01755003FE32C /* Foundation.framework */; };
		888F8F2716F01755003FE32C /* CoreGraphics.framework in Frameworks */ = {isa = PBXBuildFile; fileRef = 888F8F2616F01755003FE32C /* CoreGraphics.framework */; };
		888F8F2D16F01755003FE32C /* InfoPlist.strings in Resources */ = {isa = PBXBuildFile; fileRef = 888F8F2B16F01755003FE32C /* InfoPlist.strings */; };
		888F8F3516F01755003FE32C /* Default.png in Resources */ = {isa = PBXBuildFile; fileRef = 888F8F3416F01755003FE32C /* Default.png */; };
		888F8F3716F01755003FE32C /* Default@2x.png in Resources */ = {isa = PBXBuildFile; fileRef = 888F8F3616F01755003FE32C /* Default@2x.png */; };
		888F8F3916F01755003FE32C /* Default-568h@2x.png in Resources */ = {isa = PBXBuildFile; fileRef = 888F8F3816F01755003FE32C /* Default-568h@2x.png */; };
		888F8F4716F01755003FE32C /* SenTestingKit.framework in Frameworks */ = {isa = PBXBuildFile; fileRef = 888F8F4616F01755003FE32C /* SenTestingKit.framework */; };
		888F8F4816F01755003FE32C /* UIKit.framework in Frameworks */ = {isa = PBXBuildFile; fileRef = 888F8F2216F01755003FE32C /* UIKit.framework */; };
		888F8F4916F01755003FE32C /* Foundation.framework in Frameworks */ = {isa = PBXBuildFile; fileRef = 888F8F2416F01755003FE32C /* Foundation.framework */; };
		888F8F5116F01755003FE32C /* InfoPlist.strings in Resources */ = {isa = PBXBuildFile; fileRef = 888F8F4F16F01755003FE32C /* InfoPlist.strings */; };
		888F8F5416F01755003FE32C /* AuthKit_ExampleTests.m in Sources */ = {isa = PBXBuildFile; fileRef = 888F8F5316F01755003FE32C /* AuthKit_ExampleTests.m */; };
		88D114A6291F4BC2BBD862DE /* libPods.a in Frameworks */ = {isa = PBXBuildFile; fileRef = C158E89995EE432C9EF69CB6 /* libPods.a */; };
		8EF94085AAC04AB9AF4055B8 /* libPods-AuthKit-ExampleTests.a in Frameworks */ = {isa = PBXBuildFile; fileRef = EB7E2BFAB0344C1E80BCB947 /* libPods-AuthKit-ExampleTests.a */; };
		9F6454F216FCF99800FAA6DD /* AKKeychain.m in Sources */ = {isa = PBXBuildFile; fileRef = 9F6454F116FCF99800FAA6DD /* AKKeychain.m */; };
		9F6454F416FCFA1600FAA6DD /* Security.framework in Frameworks */ = {isa = PBXBuildFile; fileRef = 9F6454F316FCFA1600FAA6DD /* Security.framework */; };
/* End PBXBuildFile section */

/* Begin PBXContainerItemProxy section */
		888F8F4A16F01755003FE32C /* PBXContainerItemProxy */ = {
			isa = PBXContainerItemProxy;
			containerPortal = 888F8F1716F01755003FE32C /* Project object */;
			proxyType = 1;
			remoteGlobalIDString = 888F8F1E16F01755003FE32C;
			remoteInfo = "AuthKit-Example";
		};
/* End PBXContainerItemProxy section */

/* Begin PBXFileReference section */
		1E9610579FDB4606B5E39100 /* Pods-AuthKit-ExampleTests.xcconfig */ = {isa = PBXFileReference; includeInIndex = 1; lastKnownFileType = text.xcconfig; name = "Pods-AuthKit-ExampleTests.xcconfig"; path = "Pods/Pods-AuthKit-ExampleTests.xcconfig"; sourceTree = SOURCE_ROOT; };
		239D353398314934A3C709AF /* Pods.xcconfig */ = {isa = PBXFileReference; includeInIndex = 1; lastKnownFileType = text.xcconfig; name = Pods.xcconfig; path = Pods/Pods.xcconfig; sourceTree = SOURCE_ROOT; };
		880870FC16FD622200D09848 /* AKKeychainItem.h */ = {isa = PBXFileReference; fileEncoding = 4; lastKnownFileType = sourcecode.c.h; path = AKKeychainItem.h; sourceTree = "<group>"; };
		880870FD16FD622200D09848 /* AKKeychainItem.m */ = {isa = PBXFileReference; fileEncoding = 4; lastKnownFileType = sourcecode.c.objc; path = AKKeychainItem.m; sourceTree = "<group>"; };
		880870FF16FD63DF00D09848 /* AKPasswordKeychainItem.h */ = {isa = PBXFileReference; fileEncoding = 4; lastKnownFileType = sourcecode.c.h; path = AKPasswordKeychainItem.h; sourceTree = "<group>"; };
		8808710016FD63DF00D09848 /* AKPasswordKeychainItem.m */ = {isa = PBXFileReference; fileEncoding = 4; lastKnownFileType = sourcecode.c.objc; path = AKPasswordKeychainItem.m; sourceTree = "<group>"; };
		8808710216FD6BD700D09848 /* AKGenericPasswordKeychainItem.h */ = {isa = PBXFileReference; fileEncoding = 4; lastKnownFileType = sourcecode.c.h; path = AKGenericPasswordKeychainItem.h; sourceTree = "<group>"; };
		8808710316FD6BD700D09848 /* AKGenericPasswordKeychainItem.m */ = {isa = PBXFileReference; fileEncoding = 4; lastKnownFileType = sourcecode.c.objc; path = AKGenericPasswordKeychainItem.m; sourceTree = "<group>"; };
		8808710516FD6C5100D09848 /* AKInternetPasswordKeychainItem.h */ = {isa = PBXFileReference; fileEncoding = 4; lastKnownFileType = sourcecode.c.h; path = AKInternetPasswordKeychainItem.h; sourceTree = "<group>"; };
		8808710616FD6C5100D09848 /* AKInternetPasswordKeychainItem.m */ = {isa = PBXFileReference; fileEncoding = 4; lastKnownFileType = sourcecode.c.objc; path = AKInternetPasswordKeychainItem.m; sourceTree = "<group>"; };
		8808710816FE272200D09848 /* CoreData.framework */ = {isa = PBXFileReference; lastKnownFileType = wrapper.framework; name = CoreData.framework; path = System/Library/Frameworks/CoreData.framework; sourceTree = SDKROOT; };
		8808710A16FE279000D09848 /* AKAppDelegate.m */ = {isa = PBXFileReference; fileEncoding = 4; lastKnownFileType = sourcecode.c.objc; path = AKAppDelegate.m; sourceTree = "<group>"; };
		8808710B16FE279100D09848 /* AKAppDelegate.h */ = {isa = PBXFileReference; fileEncoding = 4; lastKnownFileType = sourcecode.c.h; path = AKAppDelegate.h; sourceTree = "<group>"; };
		8808710D16FE27B400D09848 /* AKAuthenticationHandler.h */ = {isa = PBXFileReference; fileEncoding = 4; lastKnownFileType = sourcecode.c.h; path = AKAuthenticationHandler.h; sourceTree = "<group>"; };
		8808711016FE285700D09848 /* ApplicationModel.xcdatamodel */ = {isa = PBXFileReference; lastKnownFileType = wrapper.xcdatamodel; path = ApplicationModel.xcdatamodel; sourceTree = "<group>"; };
		8808711316FE288800D09848 /* AKAccountsModel.xcdatamodel */ = {isa = PBXFileReference; lastKnownFileType = wrapper.xcdatamodel; path = AKAccountsModel.xcdatamodel; sourceTree = "<group>"; };
		8808711516FE293A00D09848 /* AKApplicationCoreDataStack.h */ = {isa = PBXFileReference; fileEncoding = 4; lastKnownFileType = sourcecode.c.h; path = AKApplicationCoreDataStack.h; sourceTree = "<group>"; };
		8808711616FE293A00D09848 /* AKApplicationCoreDataStack.m */ = {isa = PBXFileReference; fileEncoding = 4; lastKnownFileType = sourcecode.c.objc; path = AKApplicationCoreDataStack.m; sourceTree = "<group>"; };
		8808711816FE2C8000D09848 /* AKAccountsCoreDataStack.h */ = {isa = PBXFileReference; fileEncoding = 4; lastKnownFileType = sourcecode.c.h; path = AKAccountsCoreDataStack.h; sourceTree = "<group>"; };
		8808711916FE2C8000D09848 /* AKAccountsCoreDataStack.m */ = {isa = PBXFileReference; fileEncoding = 4; lastKnownFileType = sourcecode.c.objc; path = AKAccountsCoreDataStack.m; sourceTree = "<group>"; };
		8808711B16FE2E0A00D09848 /* AKUserDataAccess.h */ = {isa = PBXFileReference; fileEncoding = 4; lastKnownFileType = sourcecode.c.h; path = AKUserDataAccess.h; sourceTree = "<group>"; };
		8808711C16FE2E0B00D09848 /* AKUserDataAccess.m */ = {isa = PBXFileReference; fileEncoding = 4; lastKnownFileType = sourcecode.c.objc; path = AKUserDataAccess.m; sourceTree = "<group>"; };
		8808712116FE2EE100D09848 /* User.h */ = {isa = PBXFileReference; fileEncoding = 4; lastKnownFileType = sourcecode.c.h; path = User.h; sourceTree = "<group>"; };
		8808712216FE2EE100D09848 /* User.m */ = {isa = PBXFileReference; fileEncoding = 4; lastKnownFileType = sourcecode.c.objc; path = User.m; sourceTree = "<group>"; };
		8808712416FE2EF300D09848 /* Account.h */ = {isa = PBXFileReference; fileEncoding = 4; lastKnownFileType = sourcecode.c.h; path = Account.h; sourceTree = "<group>"; };
		8808712516FE2EF300D09848 /* Account.m */ = {isa = PBXFileReference; fileEncoding = 4; lastKnownFileType = sourcecode.c.objc; path = Account.m; sourceTree = "<group>"; };
		8808712716FE325300D09848 /* AKAccountsViewController.h */ = {isa = PBXFileReference; fileEncoding = 4; lastKnownFileType = sourcecode.c.h; path = AKAccountsViewController.h; sourceTree = "<group>"; };
		8808712816FE325300D09848 /* AKAccountsViewController.m */ = {isa = PBXFileReference; fileEncoding = 4; lastKnownFileType = sourcecode.c.objc; path = AKAccountsViewController.m; sourceTree = "<group>"; };
		881EAF7316F686840041AD55 /* AKService.h */ = {isa = PBXFileReference; fileEncoding = 4; lastKnownFileType = sourcecode.c.h; path = AKService.h; sourceTree = "<group>"; };
		881EAF7416F686840041AD55 /* AKService.m */ = {isa = PBXFileReference; fileEncoding = 4; lastKnownFileType = sourcecode.c.objc; path = AKService.m; sourceTree = "<group>"; };
		881EAF7716F6869D0041AD55 /* AKProtocol.h */ = {isa = PBXFileReference; fileEncoding = 4; lastKnownFileType = sourcecode.c.h; path = AKProtocol.h; sourceTree = "<group>"; };
		881EAF7816F6869D0041AD55 /* AKProtocol.m */ = {isa = PBXFileReference; fileEncoding = 4; lastKnownFileType = sourcecode.c.objc; path = AKProtocol.m; sourceTree = "<group>"; };
		881EAF7B16F686B20041AD55 /* AKEngine.h */ = {isa = PBXFileReference; fileEncoding = 4; lastKnownFileType = sourcecode.c.h; path = AKEngine.h; sourceTree = "<group>"; };
		881EAF7C16F686B20041AD55 /* AKEngine.m */ = {isa = PBXFileReference; fileEncoding = 4; lastKnownFileType = sourcecode.c.objc; path = AKEngine.m; sourceTree = "<group>"; };
		881EAF7F16F687CD0041AD55 /* AKData.h */ = {isa = PBXFileReference; fileEncoding = 4; lastKnownFileType = sourcecode.c.h; path = AKData.h; sourceTree = "<group>"; };
		881EAF8016F687CD0041AD55 /* AKData.m */ = {isa = PBXFileReference; fileEncoding = 4; lastKnownFileType = sourcecode.c.objc; path = AKData.m; sourceTree = "<group>"; };
		881EAF8316F688160041AD55 /* AKSession.h */ = {isa = PBXFileReference; fileEncoding = 4; lastKnownFileType = sourcecode.c.h; path = AKSession.h; sourceTree = "<group>"; };
		881EAF8416F688160041AD55 /* AKSession.m */ = {isa = PBXFileReference; fileEncoding = 4; lastKnownFileType = sourcecode.c.objc; path = AKSession.m; sourceTree = "<group>"; };
		8850DFAA16F02110003B70EC /* AKLoginViewController.h */ = {isa = PBXFileReference; fileEncoding = 4; lastKnownFileType = sourcecode.c.h; path = AKLoginViewController.h; sourceTree = "<group>"; };
		8850DFAB16F02110003B70EC /* AKLoginViewController.m */ = {isa = PBXFileReference; fileEncoding = 4; lastKnownFileType = sourcecode.c.objc; path = AKLoginViewController.m; sourceTree = "<group>"; };
		8850DFAC16F02110003B70EC /* main.m */ = {isa = PBXFileReference; fileEncoding = 4; lastKnownFileType = sourcecode.c.objc; path = main.m; sourceTree = "<group>"; };
		8850DFB016F02141003B70EC /* AKAuthenticatedViewController.h */ = {isa = PBXFileReference; fileEncoding = 4; lastKnownFileType = sourcecode.c.h; path = AKAuthenticatedViewController.h; sourceTree = "<group>"; };
		8850DFB116F02141003B70EC /* AKAuthenticatedViewController.m */ = {isa = PBXFileReference; fileEncoding = 4; lastKnownFileType = sourcecode.c.objc; path = AKAuthenticatedViewController.m; sourceTree = "<group>"; };
		8850DFB316F02311003B70EC /* AKApplicationViewController.h */ = {isa = PBXFileReference; fileEncoding = 4; lastKnownFileType = sourcecode.c.h; path = AKApplicationViewController.h; sourceTree = "<group>"; };
		8850DFB416F02311003B70EC /* AKApplicationViewController.m */ = {isa = PBXFileReference; fileEncoding = 4; lastKnownFileType = sourcecode.c.objc; path = AKApplicationViewController.m; sourceTree = "<group>"; };
		8850DFB916F036F1003B70EC /* AKFacebookAuth.h */ = {isa = PBXFileReference; fileEncoding = 4; lastKnownFileType = sourcecode.c.h; path = AKFacebookAuth.h; sourceTree = "<group>"; };
		8850DFBA16F036F1003B70EC /* AKFacebookAuth.m */ = {isa = PBXFileReference; fileEncoding = 4; lastKnownFileType = sourcecode.c.objc; path = AKFacebookAuth.m; sourceTree = "<group>"; };
		8850DFBE16F04253003B70EC /* AKLinkedInAuth.h */ = {isa = PBXFileReference; fileEncoding = 4; lastKnownFileType = sourcecode.c.h; path = AKLinkedInAuth.h; sourceTree = "<group>"; };
		8850DFBF16F04253003B70EC /* AKLinkedInAuth.m */ = {isa = PBXFileReference; fileEncoding = 4; lastKnownFileType = sourcecode.c.objc; path = AKLinkedInAuth.m; sourceTree = "<group>"; };
		8850DFC116F051FC003B70EC /* AKOAuth2AuthorizationCodeWebViewController.h */ = {isa = PBXFileReference; fileEncoding = 4; lastKnownFileType = sourcecode.c.h; path = AKOAuth2AuthorizationCodeWebViewController.h; sourceTree = "<group>"; };
		8850DFC216F051FC003B70EC /* AKOAuth2AuthorizationCodeWebViewController.m */ = {isa = PBXFileReference; fileEncoding = 4; lastKnownFileType = sourcecode.c.objc; path = AKOAuth2AuthorizationCodeWebViewController.m; sourceTree = "<group>"; };
		8850DFD616F175BA003B70EC /* AKOAuth2AuthorizationCodeAuthorizationRequest.h */ = {isa = PBXFileReference; fileEncoding = 4; lastKnownFileType = sourcecode.c.h; path = AKOAuth2AuthorizationCodeAuthorizationRequest.h; sourceTree = "<group>"; };
		8850DFD716F175BA003B70EC /* AKOAuth2AuthorizationCodeAuthorizationRequest.m */ = {isa = PBXFileReference; fileEncoding = 4; lastKnownFileType = sourcecode.c.objc; path = AKOAuth2AuthorizationCodeAuthorizationRequest.m; sourceTree = "<group>"; };
		8850DFDA16F188DD003B70EC /* AKGoogleAuth.h */ = {isa = PBXFileReference; fileEncoding = 4; lastKnownFileType = sourcecode.c.h; path = AKGoogleAuth.h; sourceTree = "<group>"; };
		8850DFDB16F188DD003B70EC /* AKGoogleAuth.m */ = {isa = PBXFileReference; fileEncoding = 4; lastKnownFileType = sourcecode.c.objc; path = AKGoogleAuth.m; sourceTree = "<group>"; };
		888F8F1F16F01755003FE32C /* AuthKit-Example.app */ = {isa = PBXFileReference; explicitFileType = wrapper.application; includeInIndex = 0; path = "AuthKit-Example.app"; sourceTree = BUILT_PRODUCTS_DIR; };
		888F8F2216F01755003FE32C /* UIKit.framework */ = {isa = PBXFileReference; lastKnownFileType = wrapper.framework; name = UIKit.framework; path = System/Library/Frameworks/UIKit.framework; sourceTree = SDKROOT; };
		888F8F2416F01755003FE32C /* Foundation.framework */ = {isa = PBXFileReference; lastKnownFileType = wrapper.framework; name = Foundation.framework; path = System/Library/Frameworks/Foundation.framework; sourceTree = SDKROOT; };
		888F8F2616F01755003FE32C /* CoreGraphics.framework */ = {isa = PBXFileReference; lastKnownFileType = wrapper.framework; name = CoreGraphics.framework; path = System/Library/Frameworks/CoreGraphics.framework; sourceTree = SDKROOT; };
		888F8F2A16F01755003FE32C /* AuthKit-Example-Info.plist */ = {isa = PBXFileReference; lastKnownFileType = text.plist.xml; path = "AuthKit-Example-Info.plist"; sourceTree = "<group>"; };
		888F8F2C16F01755003FE32C /* en */ = {isa = PBXFileReference; lastKnownFileType = text.plist.strings; name = en; path = en.lproj/InfoPlist.strings; sourceTree = "<group>"; };
		888F8F3016F01755003FE32C /* AuthKit-Example-Prefix.pch */ = {isa = PBXFileReference; lastKnownFileType = sourcecode.c.h; path = "AuthKit-Example-Prefix.pch"; sourceTree = "<group>"; };
		888F8F3416F01755003FE32C /* Default.png */ = {isa = PBXFileReference; lastKnownFileType = image.png; path = Default.png; sourceTree = "<group>"; };
		888F8F3616F01755003FE32C /* Default@2x.png */ = {isa = PBXFileReference; lastKnownFileType = image.png; path = "Default@2x.png"; sourceTree = "<group>"; };
		888F8F3816F01755003FE32C /* Default-568h@2x.png */ = {isa = PBXFileReference; lastKnownFileType = image.png; path = "Default-568h@2x.png"; sourceTree = "<group>"; };
		888F8F4516F01755003FE32C /* AuthKit-ExampleTests.octest */ = {isa = PBXFileReference; explicitFileType = wrapper.cfbundle; includeInIndex = 0; path = "AuthKit-ExampleTests.octest"; sourceTree = BUILT_PRODUCTS_DIR; };
		888F8F4616F01755003FE32C /* SenTestingKit.framework */ = {isa = PBXFileReference; lastKnownFileType = wrapper.framework; name = SenTestingKit.framework; path = Library/Frameworks/SenTestingKit.framework; sourceTree = DEVELOPER_DIR; };
		888F8F4E16F01755003FE32C /* AuthKit-ExampleTests-Info.plist */ = {isa = PBXFileReference; lastKnownFileType = text.plist.xml; path = "AuthKit-ExampleTests-Info.plist"; sourceTree = "<group>"; };
		888F8F5016F01755003FE32C /* en */ = {isa = PBXFileReference; lastKnownFileType = text.plist.strings; name = en; path = en.lproj/InfoPlist.strings; sourceTree = "<group>"; };
		888F8F5216F01755003FE32C /* AuthKit_ExampleTests.h */ = {isa = PBXFileReference; lastKnownFileType = sourcecode.c.h; path = AuthKit_ExampleTests.h; sourceTree = "<group>"; };
		888F8F5316F01755003FE32C /* AuthKit_ExampleTests.m */ = {isa = PBXFileReference; lastKnownFileType = sourcecode.c.objc; path = AuthKit_ExampleTests.m; sourceTree = "<group>"; };
		9F6454F016FCF99800FAA6DD /* AKKeychain.h */ = {isa = PBXFileReference; fileEncoding = 4; lastKnownFileType = sourcecode.c.h; path = AKKeychain.h; sourceTree = "<group>"; };
		9F6454F116FCF99800FAA6DD /* AKKeychain.m */ = {isa = PBXFileReference; fileEncoding = 4; lastKnownFileType = sourcecode.c.objc; path = AKKeychain.m; sourceTree = "<group>"; };
		9F6454F316FCFA1600FAA6DD /* Security.framework */ = {isa = PBXFileReference; lastKnownFileType = wrapper.framework; name = Security.framework; path = System/Library/Frameworks/Security.framework; sourceTree = SDKROOT; };
		9FB16FCA16F1195A00676FC8 /* AKOAuth2AuthorizationCodeConsumer.h */ = {isa = PBXFileReference; lastKnownFileType = sourcecode.c.h; path = AKOAuth2AuthorizationCodeConsumer.h; sourceTree = "<group>"; };
		C158E89995EE432C9EF69CB6 /* libPods.a */ = {isa = PBXFileReference; explicitFileType = archive.ar; includeInIndex = 0; path = libPods.a; sourceTree = BUILT_PRODUCTS_DIR; };
		EB7E2BFAB0344C1E80BCB947 /* libPods-AuthKit-ExampleTests.a */ = {isa = PBXFileReference; explicitFileType = archive.ar; includeInIndex = 0; path = "libPods-AuthKit-ExampleTests.a"; sourceTree = BUILT_PRODUCTS_DIR; };
/* End PBXFileReference section */

/* Begin PBXFrameworksBuildPhase section */
		888F8F1C16F01755003FE32C /* Frameworks */ = {
			isa = PBXFrameworksBuildPhase;
			buildActionMask = 2147483647;
			files = (
				8808710916FE272200D09848 /* CoreData.framework in Frameworks */,
				9F6454F416FCFA1600FAA6DD /* Security.framework in Frameworks */,
				888F8F2316F01755003FE32C /* UIKit.framework in Frameworks */,
				888F8F2516F01755003FE32C /* Foundation.framework in Frameworks */,
				888F8F2716F01755003FE32C /* CoreGraphics.framework in Frameworks */,
				88D114A6291F4BC2BBD862DE /* libPods.a in Frameworks */,
			);
			runOnlyForDeploymentPostprocessing = 0;
		};
		888F8F4116F01755003FE32C /* Frameworks */ = {
			isa = PBXFrameworksBuildPhase;
			buildActionMask = 2147483647;
			files = (
				888F8F4716F01755003FE32C /* SenTestingKit.framework in Frameworks */,
				888F8F4816F01755003FE32C /* UIKit.framework in Frameworks */,
				888F8F4916F01755003FE32C /* Foundation.framework in Frameworks */,
				8EF94085AAC04AB9AF4055B8 /* libPods-AuthKit-ExampleTests.a in Frameworks */,
			);
			runOnlyForDeploymentPostprocessing = 0;
		};
/* End PBXFrameworksBuildPhase section */

/* Begin PBXGroup section */
		8808710E16FE280F00D09848 /* CoreData */ = {
			isa = PBXGroup;
			children = (
				8808710F16FE285700D09848 /* ApplicationModel.xcdatamodeld */,
				8808711216FE288800D09848 /* AKAccountsModel.xcdatamodeld */,
				8808712416FE2EF300D09848 /* Account.h */,
				8808712516FE2EF300D09848 /* Account.m */,
				8808712116FE2EE100D09848 /* User.h */,
				8808712216FE2EE100D09848 /* User.m */,
				8808711516FE293A00D09848 /* AKApplicationCoreDataStack.h */,
				8808711616FE293A00D09848 /* AKApplicationCoreDataStack.m */,
				8808711816FE2C8000D09848 /* AKAccountsCoreDataStack.h */,
				8808711916FE2C8000D09848 /* AKAccountsCoreDataStack.m */,
				8808711B16FE2E0A00D09848 /* AKUserDataAccess.h */,
				8808711C16FE2E0B00D09848 /* AKUserDataAccess.m */,
			);
			path = CoreData;
			sourceTree = "<group>";
		};
		881EAF6A16F686060041AD55 /* Model */ = {
			isa = PBXGroup;
			children = (
				8808710E16FE280F00D09848 /* CoreData */,
				881EAF7316F686840041AD55 /* AKService.h */,
				881EAF7416F686840041AD55 /* AKService.m */,
				881EAF7716F6869D0041AD55 /* AKProtocol.h */,
				881EAF7816F6869D0041AD55 /* AKProtocol.m */,
				881EAF7B16F686B20041AD55 /* AKEngine.h */,
				881EAF7C16F686B20041AD55 /* AKEngine.m */,
				881EAF7F16F687CD0041AD55 /* AKData.h */,
				881EAF8016F687CD0041AD55 /* AKData.m */,
				881EAF8316F688160041AD55 /* AKSession.h */,
				881EAF8416F688160041AD55 /* AKSession.m */,
			);
			path = Model;
			sourceTree = "<group>";
		};
		8850DFA516F02110003B70EC /* Source */ = {
			isa = PBXGroup;
			children = (
				8850DFA616F02110003B70EC /* Classes */,
				8850DFAC16F02110003B70EC /* main.m */,
			);
			path = Source;
			sourceTree = "<group>";
		};
		8850DFA616F02110003B70EC /* Classes */ = {
			isa = PBXGroup;
			children = (
				8808710B16FE279100D09848 /* AKAppDelegate.h */,
				8808710A16FE279000D09848 /* AKAppDelegate.m */,
				8808710D16FE27B400D09848 /* AKAuthenticationHandler.h */,
				881EAF6A16F686060041AD55 /* Model */,
				8850DFCD16F160CF003B70EC /* Network */,
				8850DFC916F1406F003B70EC /* Additions */,
				8850DFB716F036C9003B70EC /* Auth */,
				8850DFA916F02110003B70EC /* UI */,
				9F6454EF16FCF92500FAA6DD /* Keychain */,
			);
			path = Classes;
			sourceTree = "<group>";
		};
		8850DFA916F02110003B70EC /* UI */ = {
			isa = PBXGroup;
			children = (
				8850DFB316F02311003B70EC /* AKApplicationViewController.h */,
				8850DFB416F02311003B70EC /* AKApplicationViewController.m */,
				8850DFAA16F02110003B70EC /* AKLoginViewController.h */,
				8850DFAB16F02110003B70EC /* AKLoginViewController.m */,
				8850DFB016F02141003B70EC /* AKAuthenticatedViewController.h */,
				8850DFB116F02141003B70EC /* AKAuthenticatedViewController.m */,
				8850DFC116F051FC003B70EC /* AKOAuth2AuthorizationCodeWebViewController.h */,
				8850DFC216F051FC003B70EC /* AKOAuth2AuthorizationCodeWebViewController.m */,
				8808712716FE325300D09848 /* AKAccountsViewController.h */,
				8808712816FE325300D09848 /* AKAccountsViewController.m */,
			);
			path = UI;
			sourceTree = "<group>";
		};
		8850DFB716F036C9003B70EC /* Auth */ = {
			isa = PBXGroup;
			children = (
				9FB16FC916F1192E00676FC8 /* OAuth2 */,
				8850DFD916F18883003B70EC /* Google */,
				8850DFB816F036C9003B70EC /* Facebook */,
				8850DFBD16F0423C003B70EC /* LinkedIn */,
			);
			path = Auth;
			sourceTree = "<group>";
		};
		8850DFB816F036C9003B70EC /* Facebook */ = {
			isa = PBXGroup;
			children = (
				8850DFB916F036F1003B70EC /* AKFacebookAuth.h */,
				8850DFBA16F036F1003B70EC /* AKFacebookAuth.m */,
			);
			path = Facebook;
			sourceTree = "<group>";
		};
		8850DFBD16F0423C003B70EC /* LinkedIn */ = {
			isa = PBXGroup;
			children = (
				8850DFBE16F04253003B70EC /* AKLinkedInAuth.h */,
				8850DFBF16F04253003B70EC /* AKLinkedInAuth.m */,
			);
			path = LinkedIn;
			sourceTree = "<group>";
		};
		8850DFC416F13EAD003B70EC /* Grants */ = {
			isa = PBXGroup;
			children = (
				8850DFC516F13EAD003B70EC /* AuthorizationCode */,
			);
			path = Grants;
			sourceTree = "<group>";
		};
		8850DFC516F13EAD003B70EC /* AuthorizationCode */ = {
			isa = PBXGroup;
			children = (
				8850DFD616F175BA003B70EC /* AKOAuth2AuthorizationCodeAuthorizationRequest.h */,
				8850DFD716F175BA003B70EC /* AKOAuth2AuthorizationCodeAuthorizationRequest.m */,
			);
			path = AuthorizationCode;
			sourceTree = "<group>";
		};
		8850DFC916F1406F003B70EC /* Additions */ = {
			isa = PBXGroup;
			children = (
			);
			path = Additions;
			sourceTree = "<group>";
		};
		8850DFCD16F160CF003B70EC /* Network */ = {
			isa = PBXGroup;
			children = (
				8850DFCE16F160CF003B70EC /* HTTP */,
			);
			path = Network;
			sourceTree = "<group>";
		};
		8850DFCE16F160CF003B70EC /* HTTP */ = {
			isa = PBXGroup;
			children = (
			);
			path = HTTP;
			sourceTree = "<group>";
		};
		8850DFD916F18883003B70EC /* Google */ = {
			isa = PBXGroup;
			children = (
				8850DFDA16F188DD003B70EC /* AKGoogleAuth.h */,
				8850DFDB16F188DD003B70EC /* AKGoogleAuth.m */,
			);
			path = Google;
			sourceTree = "<group>";
		};
		888F8F1616F01755003FE32C = {
			isa = PBXGroup;
			children = (
				888F8F2816F01755003FE32C /* AuthKit-Example */,
				888F8F4C16F01755003FE32C /* AuthKit-ExampleTests */,
				888F8F2116F01755003FE32C /* Frameworks */,
				888F8F2016F01755003FE32C /* Products */,
				1E9610579FDB4606B5E39100 /* Pods-AuthKit-ExampleTests.xcconfig */,
				239D353398314934A3C709AF /* Pods.xcconfig */,
			);
			sourceTree = "<group>";
		};
		888F8F2016F01755003FE32C /* Products */ = {
			isa = PBXGroup;
			children = (
				888F8F1F16F01755003FE32C /* AuthKit-Example.app */,
				888F8F4516F01755003FE32C /* AuthKit-ExampleTests.octest */,
			);
			name = Products;
			sourceTree = "<group>";
		};
		888F8F2116F01755003FE32C /* Frameworks */ = {
			isa = PBXGroup;
			children = (
				8808710816FE272200D09848 /* CoreData.framework */,
				9F6454F316FCFA1600FAA6DD /* Security.framework */,
				888F8F2216F01755003FE32C /* UIKit.framework */,
				888F8F2416F01755003FE32C /* Foundation.framework */,
				888F8F2616F01755003FE32C /* CoreGraphics.framework */,
				888F8F4616F01755003FE32C /* SenTestingKit.framework */,
				EB7E2BFAB0344C1E80BCB947 /* libPods-AuthKit-ExampleTests.a */,
				C158E89995EE432C9EF69CB6 /* libPods.a */,
			);
			name = Frameworks;
			sourceTree = "<group>";
		};
		888F8F2816F01755003FE32C /* AuthKit-Example */ = {
			isa = PBXGroup;
			children = (
				8850DFA516F02110003B70EC /* Source */,
				888F8F2916F01755003FE32C /* Supporting Files */,
			);
			path = "AuthKit-Example";
			sourceTree = "<group>";
		};
		888F8F2916F01755003FE32C /* Supporting Files */ = {
			isa = PBXGroup;
			children = (
				888F8F2A16F01755003FE32C /* AuthKit-Example-Info.plist */,
				888F8F2B16F01755003FE32C /* InfoPlist.strings */,
				888F8F3016F01755003FE32C /* AuthKit-Example-Prefix.pch */,
				888F8F3416F01755003FE32C /* Default.png */,
				888F8F3616F01755003FE32C /* Default@2x.png */,
				888F8F3816F01755003FE32C /* Default-568h@2x.png */,
			);
			name = "Supporting Files";
			sourceTree = "<group>";
		};
		888F8F4C16F01755003FE32C /* AuthKit-ExampleTests */ = {
			isa = PBXGroup;
			children = (
				888F8F5216F01755003FE32C /* AuthKit_ExampleTests.h */,
				888F8F5316F01755003FE32C /* AuthKit_ExampleTests.m */,
				888F8F4D16F01755003FE32C /* Supporting Files */,
			);
			path = "AuthKit-ExampleTests";
			sourceTree = "<group>";
		};
		888F8F4D16F01755003FE32C /* Supporting Files */ = {
			isa = PBXGroup;
			children = (
				888F8F4E16F01755003FE32C /* AuthKit-ExampleTests-Info.plist */,
				888F8F4F16F01755003FE32C /* InfoPlist.strings */,
			);
			name = "Supporting Files";
			sourceTree = "<group>";
		};
		9F6454EF16FCF92500FAA6DD /* Keychain */ = {
			isa = PBXGroup;
			children = (
				9F6454F016FCF99800FAA6DD /* AKKeychain.h */,
				9F6454F116FCF99800FAA6DD /* AKKeychain.m */,
				880870FC16FD622200D09848 /* AKKeychainItem.h */,
				880870FD16FD622200D09848 /* AKKeychainItem.m */,
				880870FF16FD63DF00D09848 /* AKPasswordKeychainItem.h */,
				8808710016FD63DF00D09848 /* AKPasswordKeychainItem.m */,
				8808710216FD6BD700D09848 /* AKGenericPasswordKeychainItem.h */,
				8808710316FD6BD700D09848 /* AKGenericPasswordKeychainItem.m */,
				8808710516FD6C5100D09848 /* AKInternetPasswordKeychainItem.h */,
				8808710616FD6C5100D09848 /* AKInternetPasswordKeychainItem.m */,
			);
			path = Keychain;
			sourceTree = "<group>";
		};
		9FB16FC916F1192E00676FC8 /* OAuth2 */ = {
			isa = PBXGroup;
			children = (
				8850DFC416F13EAD003B70EC /* Grants */,
				9FB16FCA16F1195A00676FC8 /* AKOAuth2AuthorizationCodeConsumer.h */,
			);
			path = OAuth2;
			sourceTree = "<group>";
		};
/* End PBXGroup section */

/* Begin PBXNativeTarget section */
		888F8F1E16F01755003FE32C /* AuthKit-Example */ = {
			isa = PBXNativeTarget;
			buildConfigurationList = 888F8F5716F01755003FE32C /* Build configuration list for PBXNativeTarget "AuthKit-Example" */;
			buildPhases = (
				888F8F1B16F01755003FE32C /* Sources */,
				888F8F1C16F01755003FE32C /* Frameworks */,
				888F8F1D16F01755003FE32C /* Resources */,
				10A4F5DB9598493DAD9B33E4 /* Copy Pods Resources */,
			);
			buildRules = (
			);
			dependencies = (
			);
			name = "AuthKit-Example";
			productName = "AuthKit-Example";
			productReference = 888F8F1F16F01755003FE32C /* AuthKit-Example.app */;
			productType = "com.apple.product-type.application";
		};
		888F8F4416F01755003FE32C /* AuthKit-ExampleTests */ = {
			isa = PBXNativeTarget;
			buildConfigurationList = 888F8F5A16F01755003FE32C /* Build configuration list for PBXNativeTarget "AuthKit-ExampleTests" */;
			buildPhases = (
				888F8F4016F01755003FE32C /* Sources */,
				888F8F4116F01755003FE32C /* Frameworks */,
				888F8F4216F01755003FE32C /* Resources */,
				888F8F4316F01755003FE32C /* ShellScript */,
				74AB7392E2C34CDEB8110552 /* Copy Pods Resources */,
			);
			buildRules = (
			);
			dependencies = (
				888F8F4B16F01755003FE32C /* PBXTargetDependency */,
			);
			name = "AuthKit-ExampleTests";
			productName = "AuthKit-ExampleTests";
			productReference = 888F8F4516F01755003FE32C /* AuthKit-ExampleTests.octest */;
			productType = "com.apple.product-type.bundle";
		};
/* End PBXNativeTarget section */

/* Begin PBXProject section */
		888F8F1716F01755003FE32C /* Project object */ = {
			isa = PBXProject;
			attributes = {
				CLASSPREFIX = AK;
				LastUpgradeCheck = 0460;
				ORGANIZATIONNAME = "RCach Apps";
			};
			buildConfigurationList = 888F8F1A16F01755003FE32C /* Build configuration list for PBXProject "AuthKit-Example" */;
			compatibilityVersion = "Xcode 3.2";
			developmentRegion = English;
			hasScannedForEncodings = 0;
			knownRegions = (
				en,
			);
			mainGroup = 888F8F1616F01755003FE32C;
			productRefGroup = 888F8F2016F01755003FE32C /* Products */;
			projectDirPath = "";
			projectRoot = "";
			targets = (
				888F8F1E16F01755003FE32C /* AuthKit-Example */,
				888F8F4416F01755003FE32C /* AuthKit-ExampleTests */,
			);
		};
/* End PBXProject section */

/* Begin PBXResourcesBuildPhase section */
		888F8F1D16F01755003FE32C /* Resources */ = {
			isa = PBXResourcesBuildPhase;
			buildActionMask = 2147483647;
			files = (
				888F8F2D16F01755003FE32C /* InfoPlist.strings in Resources */,
				888F8F3516F01755003FE32C /* Default.png in Resources */,
				888F8F3716F01755003FE32C /* Default@2x.png in Resources */,
				888F8F3916F01755003FE32C /* Default-568h@2x.png in Resources */,
			);
			runOnlyForDeploymentPostprocessing = 0;
		};
		888F8F4216F01755003FE32C /* Resources */ = {
			isa = PBXResourcesBuildPhase;
			buildActionMask = 2147483647;
			files = (
				888F8F5116F01755003FE32C /* InfoPlist.strings in Resources */,
			);
			runOnlyForDeploymentPostprocessing = 0;
		};
/* End PBXResourcesBuildPhase section */

/* Begin PBXShellScriptBuildPhase section */
		10A4F5DB9598493DAD9B33E4 /* Copy Pods Resources */ = {
			isa = PBXShellScriptBuildPhase;
			buildActionMask = 2147483647;
			files = (
			);
			inputPaths = (
			);
			name = "Copy Pods Resources";
			outputPaths = (
			);
			runOnlyForDeploymentPostprocessing = 0;
			shellPath = /bin/sh;
			shellScript = "\"${SRCROOT}/Pods/Pods-resources.sh\"\n";
		};
		74AB7392E2C34CDEB8110552 /* Copy Pods Resources */ = {
			isa = PBXShellScriptBuildPhase;
			buildActionMask = 2147483647;
			files = (
			);
			inputPaths = (
			);
			name = "Copy Pods Resources";
			outputPaths = (
			);
			runOnlyForDeploymentPostprocessing = 0;
			shellPath = /bin/sh;
			shellScript = "\"${SRCROOT}/Pods/Pods-AuthKit-ExampleTests-resources.sh\"\n";
		};
		888F8F4316F01755003FE32C /* ShellScript */ = {
			isa = PBXShellScriptBuildPhase;
			buildActionMask = 2147483647;
			files = (
			);
			inputPaths = (
			);
			outputPaths = (
			);
			runOnlyForDeploymentPostprocessing = 0;
			shellPath = /bin/sh;
			shellScript = "# Run the unit tests in this test bundle.\n\"${SYSTEM_DEVELOPER_DIR}/Tools/RunUnitTests\"\n";
		};
/* End PBXShellScriptBuildPhase section */

/* Begin PBXSourcesBuildPhase section */
		888F8F1B16F01755003FE32C /* Sources */ = {
			isa = PBXSourcesBuildPhase;
			buildActionMask = 2147483647;
			files = (
				8850DFAE16F02110003B70EC /* AKLoginViewController.m in Sources */,
				8850DFAF16F02110003B70EC /* main.m in Sources */,
				8850DFB216F02141003B70EC /* AKAuthenticatedViewController.m in Sources */,
				8850DFB516F02311003B70EC /* AKApplicationViewController.m in Sources */,
				8850DFBB16F036F1003B70EC /* AKFacebookAuth.m in Sources */,
				8850DFC016F04253003B70EC /* AKLinkedInAuth.m in Sources */,
				8850DFC316F051FC003B70EC /* AKOAuth2AuthorizationCodeWebViewController.m in Sources */,
				8850DFD816F175BA003B70EC /* AKOAuth2AuthorizationCodeAuthorizationRequest.m in Sources */,
				8850DFDC16F188DD003B70EC /* AKGoogleAuth.m in Sources */,
				881EAF7516F686840041AD55 /* AKService.m in Sources */,
				881EAF7916F6869D0041AD55 /* AKProtocol.m in Sources */,
				881EAF7D16F686B20041AD55 /* AKEngine.m in Sources */,
				881EAF8116F687CD0041AD55 /* AKData.m in Sources */,
				881EAF8516F688170041AD55 /* AKSession.m in Sources */,
				9F6454F216FCF99800FAA6DD /* AKKeychain.m in Sources */,
				880870FE16FD622200D09848 /* AKKeychainItem.m in Sources */,
				8808710116FD63DF00D09848 /* AKPasswordKeychainItem.m in Sources */,
				8808710416FD6BD700D09848 /* AKGenericPasswordKeychainItem.m in Sources */,
				8808710716FD6C5100D09848 /* AKInternetPasswordKeychainItem.m in Sources */,
				8808710C16FE279200D09848 /* AKAppDelegate.m in Sources */,
				8808711116FE285700D09848 /* ApplicationModel.xcdatamodeld in Sources */,
				8808711416FE288800D09848 /* AKAccountsModel.xcdatamodeld in Sources */,
				8808711716FE293A00D09848 /* AKApplicationCoreDataStack.m in Sources */,
				8808711A16FE2C8000D09848 /* AKAccountsCoreDataStack.m in Sources */,
				8808711D16FE2E0B00D09848 /* AKUserDataAccess.m in Sources */,
				8808712316FE2EE200D09848 /* User.m in Sources */,
				8808712616FE2EF300D09848 /* Account.m in Sources */,
				8808712916FE325300D09848 /* AKAccountsViewController.m in Sources */,
			);
			runOnlyForDeploymentPostprocessing = 0;
		};
		888F8F4016F01755003FE32C /* Sources */ = {
			isa = PBXSourcesBuildPhase;
			buildActionMask = 2147483647;
			files = (
				888F8F5416F01755003FE32C /* AuthKit_ExampleTests.m in Sources */,
				881EAF7616F686840041AD55 /* AKService.m in Sources */,
				881EAF7A16F6869D0041AD55 /* AKProtocol.m in Sources */,
				881EAF7E16F686B20041AD55 /* AKEngine.m in Sources */,
				881EAF8216F687CD0041AD55 /* AKData.m in Sources */,
				881EAF8616F688170041AD55 /* AKSession.m in Sources */,
			);
			runOnlyForDeploymentPostprocessing = 0;
		};
/* End PBXSourcesBuildPhase section */

/* Begin PBXTargetDependency section */
		888F8F4B16F01755003FE32C /* PBXTargetDependency */ = {
			isa = PBXTargetDependency;
			target = 888F8F1E16F01755003FE32C /* AuthKit-Example */;
			targetProxy = 888F8F4A16F01755003FE32C /* PBXContainerItemProxy */;
		};
/* End PBXTargetDependency section */

/* Begin PBXVariantGroup section */
		888F8F2B16F01755003FE32C /* InfoPlist.strings */ = {
			isa = PBXVariantGroup;
			children = (
				888F8F2C16F01755003FE32C /* en */,
			);
			name = InfoPlist.strings;
			sourceTree = "<group>";
		};
		888F8F4F16F01755003FE32C /* InfoPlist.strings */ = {
			isa = PBXVariantGroup;
			children = (
				888F8F5016F01755003FE32C /* en */,
			);
			name = InfoPlist.strings;
			sourceTree = "<group>";
		};
/* End PBXVariantGroup section */

/* Begin XCBuildConfiguration section */
		888F8F5516F01755003FE32C /* Debug */ = {
			isa = XCBuildConfiguration;
			buildSettings = {
				ALWAYS_SEARCH_USER_PATHS = NO;
				CLANG_CXX_LANGUAGE_STANDARD = "gnu++0x";
				CLANG_CXX_LIBRARY = "libc++";
				CLANG_ENABLE_OBJC_ARC = YES;
				CLANG_WARN_CONSTANT_CONVERSION = YES;
				CLANG_WARN_EMPTY_BODY = YES;
				CLANG_WARN_ENUM_CONVERSION = YES;
				CLANG_WARN_INT_CONVERSION = YES;
				CLANG_WARN__DUPLICATE_METHOD_MATCH = YES;
				"CODE_SIGN_IDENTITY[sdk=iphoneos*]" = "iPhone Developer";
				COPY_PHASE_STRIP = NO;
				GCC_C_LANGUAGE_STANDARD = gnu99;
				GCC_DYNAMIC_NO_PIC = NO;
				GCC_OPTIMIZATION_LEVEL = 0;
				GCC_PREPROCESSOR_DEFINITIONS = (
					"DEBUG=1",
					"$(inherited)",
				);
				GCC_SYMBOLS_PRIVATE_EXTERN = NO;
				GCC_WARN_ABOUT_RETURN_TYPE = YES;
				GCC_WARN_UNINITIALIZED_AUTOS = YES;
				GCC_WARN_UNUSED_VARIABLE = YES;
				IPHONEOS_DEPLOYMENT_TARGET = 6.1;
				ONLY_ACTIVE_ARCH = YES;
				SDKROOT = iphoneos;
			};
			name = Debug;
		};
		888F8F5616F01755003FE32C /* Release */ = {
			isa = XCBuildConfiguration;
			buildSettings = {
				ALWAYS_SEARCH_USER_PATHS = NO;
				CLANG_CXX_LANGUAGE_STANDARD = "gnu++0x";
				CLANG_CXX_LIBRARY = "libc++";
				CLANG_ENABLE_OBJC_ARC = YES;
				CLANG_WARN_CONSTANT_CONVERSION = YES;
				CLANG_WARN_EMPTY_BODY = YES;
				CLANG_WARN_ENUM_CONVERSION = YES;
				CLANG_WARN_INT_CONVERSION = YES;
				CLANG_WARN__DUPLICATE_METHOD_MATCH = YES;
				"CODE_SIGN_IDENTITY[sdk=iphoneos*]" = "iPhone Developer";
				COPY_PHASE_STRIP = YES;
				GCC_C_LANGUAGE_STANDARD = gnu99;
				GCC_WARN_ABOUT_RETURN_TYPE = YES;
				GCC_WARN_UNINITIALIZED_AUTOS = YES;
				GCC_WARN_UNUSED_VARIABLE = YES;
				IPHONEOS_DEPLOYMENT_TARGET = 6.1;
				OTHER_CFLAGS = "-DNS_BLOCK_ASSERTIONS=1";
				SDKROOT = iphoneos;
				VALIDATE_PRODUCT = YES;
			};
			name = Release;
		};
		888F8F5816F01755003FE32C /* Debug */ = {
			isa = XCBuildConfiguration;
			baseConfigurationReference = 239D353398314934A3C709AF /* Pods.xcconfig */;
			buildSettings = {
				GCC_PRECOMPILE_PREFIX_HEADER = YES;
				GCC_PREFIX_HEADER = "AuthKit-Example/AuthKit-Example-Prefix.pch";
				INFOPLIST_FILE = "AuthKit-Example/AuthKit-Example-Info.plist";
				PRODUCT_NAME = "$(TARGET_NAME)";
				WRAPPER_EXTENSION = app;
			};
			name = Debug;
		};
		888F8F5916F01755003FE32C /* Release */ = {
			isa = XCBuildConfiguration;
			baseConfigurationReference = 239D353398314934A3C709AF /* Pods.xcconfig */;
			buildSettings = {
				GCC_PRECOMPILE_PREFIX_HEADER = YES;
				GCC_PREFIX_HEADER = "AuthKit-Example/AuthKit-Example-Prefix.pch";
				INFOPLIST_FILE = "AuthKit-Example/AuthKit-Example-Info.plist";
				PRODUCT_NAME = "$(TARGET_NAME)";
				WRAPPER_EXTENSION = app;
			};
			name = Release;
		};
		888F8F5B16F01755003FE32C /* Debug */ = {
			isa = XCBuildConfiguration;
			baseConfigurationReference = 1E9610579FDB4606B5E39100 /* Pods-AuthKit-ExampleTests.xcconfig */;
			buildSettings = {
				BUNDLE_LOADER = "$(BUILT_PRODUCTS_DIR)/AuthKit-Example.app/AuthKit-Example";
				FRAMEWORK_SEARCH_PATHS = (
					"\"$(SDKROOT)/Developer/Library/Frameworks\"",
					"\"$(DEVELOPER_LIBRARY_DIR)/Frameworks\"",
				);
				GCC_PRECOMPILE_PREFIX_HEADER = YES;
				GCC_PREFIX_HEADER = "AuthKit-Example/AuthKit-Example-Prefix.pch";
				INFOPLIST_FILE = "AuthKit-ExampleTests/AuthKit-ExampleTests-Info.plist";
				PRODUCT_NAME = "$(TARGET_NAME)";
				TEST_HOST = "$(BUNDLE_LOADER)";
				WRAPPER_EXTENSION = octest;
			};
			name = Debug;
		};
		888F8F5C16F01755003FE32C /* Release */ = {
			isa = XCBuildConfiguration;
			baseConfigurationReference = 1E9610579FDB4606B5E39100 /* Pods-AuthKit-ExampleTests.xcconfig */;
			buildSettings = {
				BUNDLE_LOADER = "$(BUILT_PRODUCTS_DIR)/AuthKit-Example.app/AuthKit-Example";
				FRAMEWORK_SEARCH_PATHS = (
					"\"$(SDKROOT)/Developer/Library/Frameworks\"",
					"\"$(DEVELOPER_LIBRARY_DIR)/Frameworks\"",
				);
				GCC_PRECOMPILE_PREFIX_HEADER = YES;
				GCC_PREFIX_HEADER = "AuthKit-Example/AuthKit-Example-Prefix.pch";
				INFOPLIST_FILE = "AuthKit-ExampleTests/AuthKit-ExampleTests-Info.plist";
				PRODUCT_NAME = "$(TARGET_NAME)";
				TEST_HOST = "$(BUNDLE_LOADER)";
				WRAPPER_EXTENSION = octest;
			};
			name = Release;
		};
/* End XCBuildConfiguration section */

/* Begin XCConfigurationList section */
		888F8F1A16F01755003FE32C /* Build configuration list for PBXProject "AuthKit-Example" */ = {
			isa = XCConfigurationList;
			buildConfigurations = (
				888F8F5516F01755003FE32C /* Debug */,
				888F8F5616F01755003FE32C /* Release */,
			);
			defaultConfigurationIsVisible = 0;
			defaultConfigurationName = Release;
		};
		888F8F5716F01755003FE32C /* Build configuration list for PBXNativeTarget "AuthKit-Example" */ = {
			isa = XCConfigurationList;
			buildConfigurations = (
				888F8F5816F01755003FE32C /* Debug */,
				888F8F5916F01755003FE32C /* Release */,
			);
			defaultConfigurationIsVisible = 0;
			defaultConfigurationName = Release;
		};
		888F8F5A16F01755003FE32C /* Build configuration list for PBXNativeTarget "AuthKit-ExampleTests" */ = {
			isa = XCConfigurationList;
			buildConfigurations = (
				888F8F5B16F01755003FE32C /* Debug */,
				888F8F5C16F01755003FE32C /* Release */,
			);
			defaultConfigurationIsVisible = 0;
			defaultConfigurationName = Release;
		};
/* End XCConfigurationList section */

/* Begin XCVersionGroup section */
		8808710F16FE285700D09848 /* ApplicationModel.xcdatamodeld */ = {
			isa = XCVersionGroup;
			children = (
				8808711016FE285700D09848 /* ApplicationModel.xcdatamodel */,
			);
			currentVersion = 8808711016FE285700D09848 /* ApplicationModel.xcdatamodel */;
			path = ApplicationModel.xcdatamodeld;
			sourceTree = "<group>";
			versionGroupType = wrapper.xcdatamodel;
		};
		8808711216FE288800D09848 /* AKAccountsModel.xcdatamodeld */ = {
			isa = XCVersionGroup;
			children = (
				8808711316FE288800D09848 /* AKAccountsModel.xcdatamodel */,
			);
			currentVersion = 8808711316FE288800D09848 /* AKAccountsModel.xcdatamodel */;
			path = AKAccountsModel.xcdatamodeld;
			sourceTree = "<group>";
			versionGroupType = wrapper.xcdatamodel;
		};
/* End XCVersionGroup section */
	};
	rootObject = 888F8F1716F01755003FE32C /* Project object */;
}
