// !$*UTF8*$!
{
	archiveVersion = 1;
	classes = {
	};
	objectVersion = 46;
	objects = {

/* Begin PBXBuildFile section */
		8850DFAD16F02110003B70EC /* AKAppDelegate.m in Sources */ = {isa = PBXBuildFile; fileRef = 8850DFA816F02110003B70EC /* AKAppDelegate.m */; };
		8850DFAE16F02110003B70EC /* AKLoginViewController.m in Sources */ = {isa = PBXBuildFile; fileRef = 8850DFAB16F02110003B70EC /* AKLoginViewController.m */; };
		8850DFAF16F02110003B70EC /* main.m in Sources */ = {isa = PBXBuildFile; fileRef = 8850DFAC16F02110003B70EC /* main.m */; };
		888F8F2316F01755003FE32C /* UIKit.framework in Frameworks */ = {isa = PBXBuildFile; fileRef = 888F8F2216F01755003FE32C /* UIKit.framework */; };
		888F8F2516F01755003FE32C /* Foundation.framework in Frameworks */ = {isa = PBXBuildFile; fileRef = 888F8F2416F01755003FE32C /* Foundation.framework */; };
		888F8F2716F01755003FE32C /* CoreGraphics.framework in Frameworks */ = {isa = PBXBuildFile; fileRef = 888F8F2616F01755003FE32C /* CoreGraphics.framework */; };
		888F8F2D16F01755003FE32C /* InfoPlist.strings in Resources */ = {isa = PBXBuildFile; fileRef = 888F8F2B16F01755003FE32C /* InfoPlist.strings */; };
		888F8F3516F01755003FE32C /* Default.png in Resources */ = {isa = PBXBuildFile; fileRef = 888F8F3416F01755003FE32C /* Default.png */; };
		888F8F3716F01755003FE32C /* Default@2x.png in Resources */ = {isa = PBXBuildFile; fileRef = 888F8F3616F01755003FE32C /* Default@2x.png */; };
		888F8F3916F01755003FE32C /* Default-568h@2x.png in Resources */ = {isa = PBXBuildFile; fileRef = 888F8F3816F01755003FE32C /* Default-568h@2x.png */; };
		888F8F4716F01755003FE32C /* SenTestingKit.framework in Frameworks */ = {isa = PBXBuildFile; fileRef = 888F8F4616F01755003FE32C /* SenTestingKit.framework */; };
		888F8F4816F01755003FE32C /* UIKit.framework in Frameworks */ = {isa = PBXBuildFile; fileRef = 888F8F2216F01755003FE32C /* UIKit.framework */; };
		888F8F4916F01755003FE32C /* Foundation.framework in Frameworks */ = {isa = PBXBuildFile; fileRef = 888F8F2416F01755003FE32C /* Foundation.framework */; };
		888F8F5116F01755003FE32C /* InfoPlist.strings in Resources */ = {isa = PBXBuildFile; fileRef = 888F8F4F16F01755003FE32C /* InfoPlist.strings */; };
		888F8F5416F01755003FE32C /* AuthKit_ExampleTests.m in Sources */ = {isa = PBXBuildFile; fileRef = 888F8F5316F01755003FE32C /* AuthKit_ExampleTests.m */; };
		88D114A6291F4BC2BBD862DE /* libPods.a in Frameworks */ = {isa = PBXBuildFile; fileRef = C158E89995EE432C9EF69CB6 /* libPods.a */; };
		8EF94085AAC04AB9AF4055B8 /* libPods-AuthKit-ExampleTests.a in Frameworks */ = {isa = PBXBuildFile; fileRef = EB7E2BFAB0344C1E80BCB947 /* libPods-AuthKit-ExampleTests.a */; };
/* End PBXBuildFile section */

/* Begin PBXContainerItemProxy section */
		888F8F4A16F01755003FE32C /* PBXContainerItemProxy */ = {
			isa = PBXContainerItemProxy;
			containerPortal = 888F8F1716F01755003FE32C /* Project object */;
			proxyType = 1;
			remoteGlobalIDString = 888F8F1E16F01755003FE32C;
			remoteInfo = "AuthKit-Example";
		};
/* End PBXContainerItemProxy section */

/* Begin PBXFileReference section */
		1E9610579FDB4606B5E39100 /* Pods-AuthKit-ExampleTests.xcconfig */ = {isa = PBXFileReference; includeInIndex = 1; lastKnownFileType = text.xcconfig; name = "Pods-AuthKit-ExampleTests.xcconfig"; path = "Pods/Pods-AuthKit-ExampleTests.xcconfig"; sourceTree = SOURCE_ROOT; };
		239D353398314934A3C709AF /* Pods.xcconfig */ = {isa = PBXFileReference; includeInIndex = 1; lastKnownFileType = text.xcconfig; name = Pods.xcconfig; path = Pods/Pods.xcconfig; sourceTree = SOURCE_ROOT; };
		8850DFA716F02110003B70EC /* AKAppDelegate.h */ = {isa = PBXFileReference; fileEncoding = 4; lastKnownFileType = sourcecode.c.h; path = AKAppDelegate.h; sourceTree = "<group>"; };
		8850DFA816F02110003B70EC /* AKAppDelegate.m */ = {isa = PBXFileReference; fileEncoding = 4; lastKnownFileType = sourcecode.c.objc; path = AKAppDelegate.m; sourceTree = "<group>"; };
		8850DFAA16F02110003B70EC /* AKLoginViewController.h */ = {isa = PBXFileReference; fileEncoding = 4; lastKnownFileType = sourcecode.c.h; path = AKLoginViewController.h; sourceTree = "<group>"; };
		8850DFAB16F02110003B70EC /* AKLoginViewController.m */ = {isa = PBXFileReference; fileEncoding = 4; lastKnownFileType = sourcecode.c.objc; path = AKLoginViewController.m; sourceTree = "<group>"; };
		8850DFAC16F02110003B70EC /* main.m */ = {isa = PBXFileReference; fileEncoding = 4; lastKnownFileType = sourcecode.c.objc; path = main.m; sourceTree = "<group>"; };
		888F8F1F16F01755003FE32C /* AuthKit-Example.app */ = {isa = PBXFileReference; explicitFileType = wrapper.application; includeInIndex = 0; path = "AuthKit-Example.app"; sourceTree = BUILT_PRODUCTS_DIR; };
		888F8F2216F01755003FE32C /* UIKit.framework */ = {isa = PBXFileReference; lastKnownFileType = wrapper.framework; name = UIKit.framework; path = System/Library/Frameworks/UIKit.framework; sourceTree = SDKROOT; };
		888F8F2416F01755003FE32C /* Foundation.framework */ = {isa = PBXFileReference; lastKnownFileType = wrapper.framework; name = Foundation.framework; path = System/Library/Frameworks/Foundation.framework; sourceTree = SDKROOT; };
		888F8F2616F01755003FE32C /* CoreGraphics.framework */ = {isa = PBXFileReference; lastKnownFileType = wrapper.framework; name = CoreGraphics.framework; path = System/Library/Frameworks/CoreGraphics.framework; sourceTree = SDKROOT; };
		888F8F2A16F01755003FE32C /* AuthKit-Example-Info.plist */ = {isa = PBXFileReference; lastKnownFileType = text.plist.xml; path = "AuthKit-Example-Info.plist"; sourceTree = "<group>"; };
		888F8F2C16F01755003FE32C /* en */ = {isa = PBXFileReference; lastKnownFileType = text.plist.strings; name = en; path = en.lproj/InfoPlist.strings; sourceTree = "<group>"; };
		888F8F3016F01755003FE32C /* AuthKit-Example-Prefix.pch */ = {isa = PBXFileReference; lastKnownFileType = sourcecode.c.h; path = "AuthKit-Example-Prefix.pch"; sourceTree = "<group>"; };
		888F8F3416F01755003FE32C /* Default.png */ = {isa = PBXFileReference; lastKnownFileType = image.png; path = Default.png; sourceTree = "<group>"; };
		888F8F3616F01755003FE32C /* Default@2x.png */ = {isa = PBXFileReference; lastKnownFileType = image.png; path = "Default@2x.png"; sourceTree = "<group>"; };
		888F8F3816F01755003FE32C /* Default-568h@2x.png */ = {isa = PBXFileReference; lastKnownFileType = image.png; path = "Default-568h@2x.png"; sourceTree = "<group>"; };
		888F8F4516F01755003FE32C /* AuthKit-ExampleTests.octest */ = {isa = PBXFileReference; explicitFileType = wrapper.cfbundle; includeInIndex = 0; path = "AuthKit-ExampleTests.octest"; sourceTree = BUILT_PRODUCTS_DIR; };
		888F8F4616F01755003FE32C /* SenTestingKit.framework */ = {isa = PBXFileReference; lastKnownFileType = wrapper.framework; name = SenTestingKit.framework; path = Library/Frameworks/SenTestingKit.framework; sourceTree = DEVELOPER_DIR; };
		888F8F4E16F01755003FE32C /* AuthKit-ExampleTests-Info.plist */ = {isa = PBXFileReference; lastKnownFileType = text.plist.xml; path = "AuthKit-ExampleTests-Info.plist"; sourceTree = "<group>"; };
		888F8F5016F01755003FE32C /* en */ = {isa = PBXFileReference; lastKnownFileType = text.plist.strings; name = en; path = en.lproj/InfoPlist.strings; sourceTree = "<group>"; };
		888F8F5216F01755003FE32C /* AuthKit_ExampleTests.h */ = {isa = PBXFileReference; lastKnownFileType = sourcecode.c.h; path = AuthKit_ExampleTests.h; sourceTree = "<group>"; };
		888F8F5316F01755003FE32C /* AuthKit_ExampleTests.m */ = {isa = PBXFileReference; lastKnownFileType = sourcecode.c.objc; path = AuthKit_ExampleTests.m; sourceTree = "<group>"; };
		C158E89995EE432C9EF69CB6 /* libPods.a */ = {isa = PBXFileReference; explicitFileType = archive.ar; includeInIndex = 0; path = libPods.a; sourceTree = BUILT_PRODUCTS_DIR; };
		EB7E2BFAB0344C1E80BCB947 /* libPods-AuthKit-ExampleTests.a */ = {isa = PBXFileReference; explicitFileType = archive.ar; includeInIndex = 0; path = "libPods-AuthKit-ExampleTests.a"; sourceTree = BUILT_PRODUCTS_DIR; };
/* End PBXFileReference section */

/* Begin PBXFrameworksBuildPhase section */
		888F8F1C16F01755003FE32C /* Frameworks */ = {
			isa = PBXFrameworksBuildPhase;
			buildActionMask = 2147483647;
			files = (
				888F8F2316F01755003FE32C /* UIKit.framework in Frameworks */,
				888F8F2516F01755003FE32C /* Foundation.framework in Frameworks */,
				888F8F2716F01755003FE32C /* CoreGraphics.framework in Frameworks */,
				88D114A6291F4BC2BBD862DE /* libPods.a in Frameworks */,
			);
			runOnlyForDeploymentPostprocessing = 0;
		};
		888F8F4116F01755003FE32C /* Frameworks */ = {
			isa = PBXFrameworksBuildPhase;
			buildActionMask = 2147483647;
			files = (
				888F8F4716F01755003FE32C /* SenTestingKit.framework in Frameworks */,
				888F8F4816F01755003FE32C /* UIKit.framework in Frameworks */,
				888F8F4916F01755003FE32C /* Foundation.framework in Frameworks */,
				8EF94085AAC04AB9AF4055B8 /* libPods-AuthKit-ExampleTests.a in Frameworks */,
			);
			runOnlyForDeploymentPostprocessing = 0;
		};
/* End PBXFrameworksBuildPhase section */

/* Begin PBXGroup section */
		8850DFA516F02110003B70EC /* Source */ = {
			isa = PBXGroup;
			children = (
				8850DFA616F02110003B70EC /* Classes */,
				8850DFAC16F02110003B70EC /* main.m */,
			);
			path = Source;
			sourceTree = "<group>";
		};
		8850DFA616F02110003B70EC /* Classes */ = {
			isa = PBXGroup;
			children = (
				8850DFA716F02110003B70EC /* AKAppDelegate.h */,
				8850DFA816F02110003B70EC /* AKAppDelegate.m */,
				8850DFA916F02110003B70EC /* UI */,
			);
			path = Classes;
			sourceTree = "<group>";
		};
		8850DFA916F02110003B70EC /* UI */ = {
			isa = PBXGroup;
			children = (
				8850DFAA16F02110003B70EC /* AKLoginViewController.h */,
				8850DFAB16F02110003B70EC /* AKLoginViewController.m */,
			);
			path = UI;
			sourceTree = "<group>";
		};
		888F8F1616F01755003FE32C = {
			isa = PBXGroup;
			children = (
				888F8F2816F01755003FE32C /* AuthKit-Example */,
				888F8F4C16F01755003FE32C /* AuthKit-ExampleTests */,
				888F8F2116F01755003FE32C /* Frameworks */,
				888F8F2016F01755003FE32C /* Products */,
				1E9610579FDB4606B5E39100 /* Pods-AuthKit-ExampleTests.xcconfig */,
				239D353398314934A3C709AF /* Pods.xcconfig */,
			);
			sourceTree = "<group>";
		};
		888F8F2016F01755003FE32C /* Products */ = {
			isa = PBXGroup;
			children = (
				888F8F1F16F01755003FE32C /* AuthKit-Example.app */,
				888F8F4516F01755003FE32C /* AuthKit-ExampleTests.octest */,
			);
			name = Products;
			sourceTree = "<group>";
		};
		888F8F2116F01755003FE32C /* Frameworks */ = {
			isa = PBXGroup;
			children = (
				888F8F2216F01755003FE32C /* UIKit.framework */,
				888F8F2416F01755003FE32C /* Foundation.framework */,
				888F8F2616F01755003FE32C /* CoreGraphics.framework */,
				888F8F4616F01755003FE32C /* SenTestingKit.framework */,
				EB7E2BFAB0344C1E80BCB947 /* libPods-AuthKit-ExampleTests.a */,
				C158E89995EE432C9EF69CB6 /* libPods.a */,
			);
			name = Frameworks;
			sourceTree = "<group>";
		};
		888F8F2816F01755003FE32C /* AuthKit-Example */ = {
			isa = PBXGroup;
			children = (
				8850DFA516F02110003B70EC /* Source */,
				888F8F2916F01755003FE32C /* Supporting Files */,
			);
			path = "AuthKit-Example";
			sourceTree = "<group>";
		};
		888F8F2916F01755003FE32C /* Supporting Files */ = {
			isa = PBXGroup;
			children = (
				888F8F2A16F01755003FE32C /* AuthKit-Example-Info.plist */,
				888F8F2B16F01755003FE32C /* InfoPlist.strings */,
				888F8F3016F01755003FE32C /* AuthKit-Example-Prefix.pch */,
				888F8F3416F01755003FE32C /* Default.png */,
				888F8F3616F01755003FE32C /* Default@2x.png */,
				888F8F3816F01755003FE32C /* Default-568h@2x.png */,
			);
			name = "Supporting Files";
			sourceTree = "<group>";
		};
		888F8F4C16F01755003FE32C /* AuthKit-ExampleTests */ = {
			isa = PBXGroup;
			children = (
				888F8F5216F01755003FE32C /* AuthKit_ExampleTests.h */,
				888F8F5316F01755003FE32C /* AuthKit_ExampleTests.m */,
				888F8F4D16F01755003FE32C /* Supporting Files */,
			);
			path = "AuthKit-ExampleTests";
			sourceTree = "<group>";
		};
		888F8F4D16F01755003FE32C /* Supporting Files */ = {
			isa = PBXGroup;
			children = (
				888F8F4E16F01755003FE32C /* AuthKit-ExampleTests-Info.plist */,
				888F8F4F16F01755003FE32C /* InfoPlist.strings */,
			);
			name = "Supporting Files";
			sourceTree = "<group>";
		};
/* End PBXGroup section */

/* Begin PBXNativeTarget section */
		888F8F1E16F01755003FE32C /* AuthKit-Example */ = {
			isa = PBXNativeTarget;
			buildConfigurationList = 888F8F5716F01755003FE32C /* Build configuration list for PBXNativeTarget "AuthKit-Example" */;
			buildPhases = (
				888F8F1B16F01755003FE32C /* Sources */,
				888F8F1C16F01755003FE32C /* Frameworks */,
				888F8F1D16F01755003FE32C /* Resources */,
				10A4F5DB9598493DAD9B33E4 /* Copy Pods Resources */,
			);
			buildRules = (
			);
			dependencies = (
			);
			name = "AuthKit-Example";
			productName = "AuthKit-Example";
			productReference = 888F8F1F16F01755003FE32C /* AuthKit-Example.app */;
			productType = "com.apple.product-type.application";
		};
		888F8F4416F01755003FE32C /* AuthKit-ExampleTests */ = {
			isa = PBXNativeTarget;
			buildConfigurationList = 888F8F5A16F01755003FE32C /* Build configuration list for PBXNativeTarget "AuthKit-ExampleTests" */;
			buildPhases = (
				888F8F4016F01755003FE32C /* Sources */,
				888F8F4116F01755003FE32C /* Frameworks */,
				888F8F4216F01755003FE32C /* Resources */,
				888F8F4316F01755003FE32C /* ShellScript */,
				74AB7392E2C34CDEB8110552 /* Copy Pods Resources */,
			);
			buildRules = (
			);
			dependencies = (
				888F8F4B16F01755003FE32C /* PBXTargetDependency */,
			);
			name = "AuthKit-ExampleTests";
			productName = "AuthKit-ExampleTests";
			productReference = 888F8F4516F01755003FE32C /* AuthKit-ExampleTests.octest */;
			productType = "com.apple.product-type.bundle";
		};
/* End PBXNativeTarget section */

/* Begin PBXProject section */
		888F8F1716F01755003FE32C /* Project object */ = {
			isa = PBXProject;
			attributes = {
				CLASSPREFIX = AK;
				LastUpgradeCheck = 0460;
				ORGANIZATIONNAME = "RCach Apps";
			};
			buildConfigurationList = 888F8F1A16F01755003FE32C /* Build configuration list for PBXProject "AuthKit-Example" */;
			compatibilityVersion = "Xcode 3.2";
			developmentRegion = English;
			hasScannedForEncodings = 0;
			knownRegions = (
				en,
			);
			mainGroup = 888F8F1616F01755003FE32C;
			productRefGroup = 888F8F2016F01755003FE32C /* Products */;
			projectDirPath = "";
			projectRoot = "";
			targets = (
				888F8F1E16F01755003FE32C /* AuthKit-Example */,
				888F8F4416F01755003FE32C /* AuthKit-ExampleTests */,
			);
		};
/* End PBXProject section */

/* Begin PBXResourcesBuildPhase section */
		888F8F1D16F01755003FE32C /* Resources */ = {
			isa = PBXResourcesBuildPhase;
			buildActionMask = 2147483647;
			files = (
				888F8F2D16F01755003FE32C /* InfoPlist.strings in Resources */,
				888F8F3516F01755003FE32C /* Default.png in Resources */,
				888F8F3716F01755003FE32C /* Default@2x.png in Resources */,
				888F8F3916F01755003FE32C /* Default-568h@2x.png in Resources */,
			);
			runOnlyForDeploymentPostprocessing = 0;
		};
		888F8F4216F01755003FE32C /* Resources */ = {
			isa = PBXResourcesBuildPhase;
			buildActionMask = 2147483647;
			files = (
				888F8F5116F01755003FE32C /* InfoPlist.strings in Resources */,
			);
			runOnlyForDeploymentPostprocessing = 0;
		};
/* End PBXResourcesBuildPhase section */

/* Begin PBXShellScriptBuildPhase section */
		10A4F5DB9598493DAD9B33E4 /* Copy Pods Resources */ = {
			isa = PBXShellScriptBuildPhase;
			buildActionMask = 2147483647;
			files = (
			);
			inputPaths = (
			);
			name = "Copy Pods Resources";
			outputPaths = (
			);
			runOnlyForDeploymentPostprocessing = 0;
			shellPath = /bin/sh;
			shellScript = "\"${SRCROOT}/Pods/Pods-resources.sh\"\n";
		};
		74AB7392E2C34CDEB8110552 /* Copy Pods Resources */ = {
			isa = PBXShellScriptBuildPhase;
			buildActionMask = 2147483647;
			files = (
			);
			inputPaths = (
			);
			name = "Copy Pods Resources";
			outputPaths = (
			);
			runOnlyForDeploymentPostprocessing = 0;
			shellPath = /bin/sh;
			shellScript = "\"${SRCROOT}/Pods/Pods-AuthKit-ExampleTests-resources.sh\"\n";
		};
		888F8F4316F01755003FE32C /* ShellScript */ = {
			isa = PBXShellScriptBuildPhase;
			buildActionMask = 2147483647;
			files = (
			);
			inputPaths = (
			);
			outputPaths = (
			);
			runOnlyForDeploymentPostprocessing = 0;
			shellPath = /bin/sh;
			shellScript = "# Run the unit tests in this test bundle.\n\"${SYSTEM_DEVELOPER_DIR}/Tools/RunUnitTests\"\n";
		};
/* End PBXShellScriptBuildPhase section */

/* Begin PBXSourcesBuildPhase section */
		888F8F1B16F01755003FE32C /* Sources */ = {
			isa = PBXSourcesBuildPhase;
			buildActionMask = 2147483647;
			files = (
				8850DFAD16F02110003B70EC /* AKAppDelegate.m in Sources */,
				8850DFAE16F02110003B70EC /* AKLoginViewController.m in Sources */,
				8850DFAF16F02110003B70EC /* main.m in Sources */,
			);
			runOnlyForDeploymentPostprocessing = 0;
		};
		888F8F4016F01755003FE32C /* Sources */ = {
			isa = PBXSourcesBuildPhase;
			buildActionMask = 2147483647;
			files = (
				888F8F5416F01755003FE32C /* AuthKit_ExampleTests.m in Sources */,
			);
			runOnlyForDeploymentPostprocessing = 0;
		};
/* End PBXSourcesBuildPhase section */

/* Begin PBXTargetDependency section */
		888F8F4B16F01755003FE32C /* PBXTargetDependency */ = {
			isa = PBXTargetDependency;
			target = 888F8F1E16F01755003FE32C /* AuthKit-Example */;
			targetProxy = 888F8F4A16F01755003FE32C /* PBXContainerItemProxy */;
		};
/* End PBXTargetDependency section */

/* Begin PBXVariantGroup section */
		888F8F2B16F01755003FE32C /* InfoPlist.strings */ = {
			isa = PBXVariantGroup;
			children = (
				888F8F2C16F01755003FE32C /* en */,
			);
			name = InfoPlist.strings;
			sourceTree = "<group>";
		};
		888F8F4F16F01755003FE32C /* InfoPlist.strings */ = {
			isa = PBXVariantGroup;
			children = (
				888F8F5016F01755003FE32C /* en */,
			);
			name = InfoPlist.strings;
			sourceTree = "<group>";
		};
/* End PBXVariantGroup section */

/* Begin XCBuildConfiguration section */
		888F8F5516F01755003FE32C /* Debug */ = {
			isa = XCBuildConfiguration;
			buildSettings = {
				ALWAYS_SEARCH_USER_PATHS = NO;
				CLANG_CXX_LANGUAGE_STANDARD = "gnu++0x";
				CLANG_CXX_LIBRARY = "libc++";
				CLANG_ENABLE_OBJC_ARC = YES;
				CLANG_WARN_CONSTANT_CONVERSION = YES;
				CLANG_WARN_EMPTY_BODY = YES;
				CLANG_WARN_ENUM_CONVERSION = YES;
				CLANG_WARN_INT_CONVERSION = YES;
				CLANG_WARN__DUPLICATE_METHOD_MATCH = YES;
				"CODE_SIGN_IDENTITY[sdk=iphoneos*]" = "iPhone Developer";
				COPY_PHASE_STRIP = NO;
				GCC_C_LANGUAGE_STANDARD = gnu99;
				GCC_DYNAMIC_NO_PIC = NO;
				GCC_OPTIMIZATION_LEVEL = 0;
				GCC_PREPROCESSOR_DEFINITIONS = (
					"DEBUG=1",
					"$(inherited)",
				);
				GCC_SYMBOLS_PRIVATE_EXTERN = NO;
				GCC_WARN_ABOUT_RETURN_TYPE = YES;
				GCC_WARN_UNINITIALIZED_AUTOS = YES;
				GCC_WARN_UNUSED_VARIABLE = YES;
				IPHONEOS_DEPLOYMENT_TARGET = 6.1;
				ONLY_ACTIVE_ARCH = YES;
				SDKROOT = iphoneos;
			};
			name = Debug;
		};
		888F8F5616F01755003FE32C /* Release */ = {
			isa = XCBuildConfiguration;
			buildSettings = {
				ALWAYS_SEARCH_USER_PATHS = NO;
				CLANG_CXX_LANGUAGE_STANDARD = "gnu++0x";
				CLANG_CXX_LIBRARY = "libc++";
				CLANG_ENABLE_OBJC_ARC = YES;
				CLANG_WARN_CONSTANT_CONVERSION = YES;
				CLANG_WARN_EMPTY_BODY = YES;
				CLANG_WARN_ENUM_CONVERSION = YES;
				CLANG_WARN_INT_CONVERSION = YES;
				CLANG_WARN__DUPLICATE_METHOD_MATCH = YES;
				"CODE_SIGN_IDENTITY[sdk=iphoneos*]" = "iPhone Developer";
				COPY_PHASE_STRIP = YES;
				GCC_C_LANGUAGE_STANDARD = gnu99;
				GCC_WARN_ABOUT_RETURN_TYPE = YES;
				GCC_WARN_UNINITIALIZED_AUTOS = YES;
				GCC_WARN_UNUSED_VARIABLE = YES;
				IPHONEOS_DEPLOYMENT_TARGET = 6.1;
				OTHER_CFLAGS = "-DNS_BLOCK_ASSERTIONS=1";
				SDKROOT = iphoneos;
				VALIDATE_PRODUCT = YES;
			};
			name = Release;
		};
		888F8F5816F01755003FE32C /* Debug */ = {
			isa = XCBuildConfiguration;
			baseConfigurationReference = 239D353398314934A3C709AF /* Pods.xcconfig */;
			buildSettings = {
				GCC_PRECOMPILE_PREFIX_HEADER = YES;
				GCC_PREFIX_HEADER = "AuthKit-Example/AuthKit-Example-Prefix.pch";
				INFOPLIST_FILE = "AuthKit-Example/AuthKit-Example-Info.plist";
				PRODUCT_NAME = "$(TARGET_NAME)";
				WRAPPER_EXTENSION = app;
			};
			name = Debug;
		};
		888F8F5916F01755003FE32C /* Release */ = {
			isa = XCBuildConfiguration;
			baseConfigurationReference = 239D353398314934A3C709AF /* Pods.xcconfig */;
			buildSettings = {
				GCC_PRECOMPILE_PREFIX_HEADER = YES;
				GCC_PREFIX_HEADER = "AuthKit-Example/AuthKit-Example-Prefix.pch";
				INFOPLIST_FILE = "AuthKit-Example/AuthKit-Example-Info.plist";
				PRODUCT_NAME = "$(TARGET_NAME)";
				WRAPPER_EXTENSION = app;
			};
			name = Release;
		};
		888F8F5B16F01755003FE32C /* Debug */ = {
			isa = XCBuildConfiguration;
			baseConfigurationReference = 1E9610579FDB4606B5E39100 /* Pods-AuthKit-ExampleTests.xcconfig */;
			buildSettings = {
				BUNDLE_LOADER = "$(BUILT_PRODUCTS_DIR)/AuthKit-Example.app/AuthKit-Example";
				FRAMEWORK_SEARCH_PATHS = (
					"\"$(SDKROOT)/Developer/Library/Frameworks\"",
					"\"$(DEVELOPER_LIBRARY_DIR)/Frameworks\"",
				);
				GCC_PRECOMPILE_PREFIX_HEADER = YES;
				GCC_PREFIX_HEADER = "AuthKit-Example/AuthKit-Example-Prefix.pch";
				INFOPLIST_FILE = "AuthKit-ExampleTests/AuthKit-ExampleTests-Info.plist";
				PRODUCT_NAME = "$(TARGET_NAME)";
				TEST_HOST = "$(BUNDLE_LOADER)";
				WRAPPER_EXTENSION = octest;
			};
			name = Debug;
		};
		888F8F5C16F01755003FE32C /* Release */ = {
			isa = XCBuildConfiguration;
			baseConfigurationReference = 1E9610579FDB4606B5E39100 /* Pods-AuthKit-ExampleTests.xcconfig */;
			buildSettings = {
				BUNDLE_LOADER = "$(BUILT_PRODUCTS_DIR)/AuthKit-Example.app/AuthKit-Example";
				FRAMEWORK_SEARCH_PATHS = (
					"\"$(SDKROOT)/Developer/Library/Frameworks\"",
					"\"$(DEVELOPER_LIBRARY_DIR)/Frameworks\"",
				);
				GCC_PRECOMPILE_PREFIX_HEADER = YES;
				GCC_PREFIX_HEADER = "AuthKit-Example/AuthKit-Example-Prefix.pch";
				INFOPLIST_FILE = "AuthKit-ExampleTests/AuthKit-ExampleTests-Info.plist";
				PRODUCT_NAME = "$(TARGET_NAME)";
				TEST_HOST = "$(BUNDLE_LOADER)";
				WRAPPER_EXTENSION = octest;
			};
			name = Release;
		};
/* End XCBuildConfiguration section */

/* Begin XCConfigurationList section */
		888F8F1A16F01755003FE32C /* Build configuration list for PBXProject "AuthKit-Example" */ = {
			isa = XCConfigurationList;
			buildConfigurations = (
				888F8F5516F01755003FE32C /* Debug */,
				888F8F5616F01755003FE32C /* Release */,
			);
			defaultConfigurationIsVisible = 0;
			defaultConfigurationName = Release;
		};
		888F8F5716F01755003FE32C /* Build configuration list for PBXNativeTarget "AuthKit-Example" */ = {
			isa = XCConfigurationList;
			buildConfigurations = (
				888F8F5816F01755003FE32C /* Debug */,
				888F8F5916F01755003FE32C /* Release */,
			);
			defaultConfigurationIsVisible = 0;
			defaultConfigurationName = Release;
		};
		888F8F5A16F01755003FE32C /* Build configuration list for PBXNativeTarget "AuthKit-ExampleTests" */ = {
			isa = XCConfigurationList;
			buildConfigurations = (
				888F8F5B16F01755003FE32C /* Debug */,
				888F8F5C16F01755003FE32C /* Release */,
			);
			defaultConfigurationIsVisible = 0;
			defaultConfigurationName = Release;
		};
/* End XCConfigurationList section */
	};
	rootObject = 888F8F1716F01755003FE32C /* Project object */;
}
